
Microsoft Visual Studio Solution File, Format Version 12.00
Project("{FAE04EC0-301F-11D3-BF4B-00C04F79EFBC}") = "AboutIt.Api", "AboutIt.Api\AboutIt.Api.csproj", "{737AA779-CD33-4D8C-8D90-7A110E856070}"
EndProject
Global
	GlobalSection(SolutionConfigurationPlatforms) = preSolution
		Debug|Any CPU = Debug|Any CPU
		Release|Any CPU = Release|Any CPU
	EndGlobalSection
	GlobalSection(ProjectConfigurationPlatforms) = postSolution
		{737AA779-CD33-4D8C-8D90-7A110E856070}.Debug|Any CPU.ActiveCfg = Debug|Any CPU
		{737AA779-CD33-4D8C-8D90-7A110E856070}.Debug|Any CPU.Build.0 = Debug|Any CPU
		{737AA779-CD33-4D8C-8D90-7A110E856070}.Release|Any CPU.ActiveCfg = Release|Any CPU
		{737AA779-CD33-4D8C-8D90-7A110E856070}.Release|Any CPU.Build.0 = Release|Any CPU
	EndGlobalSection
EndGlobal
